
Microsoft Visual Studio Solution File, Format Version 12.00
# Visual Studio Version 17
VisualStudioVersion = 17.0.32014.148
MinimumVisualStudioVersion = 10.0.40219.1
Project("{9A19103F-16F7-4668-BE54-9A1E7A4F7556}") = "InMemoryApp.Web", "InMemoryApp.Web\InMemoryApp.Web.csproj", "{9BD203E9-6F3F-42C7-ABB8-9B144E7824AB}"
EndProject
Project("{FAE04EC0-301F-11D3-BF4B-00C04F79EFBC}") = "IDistributedCacheRedisApp.Web", "IDistributedCacheRedisApp.Web\IDistributedCacheRedisApp.Web.csproj", "{1AB14CCD-9239-4392-9334-4485C22ED23B}"
EndProject
Global
	GlobalSection(SolutionConfigurationPlatforms) = preSolution
		Debug|Any CPU = Debug|Any CPU
		Release|Any CPU = Release|Any CPU
	EndGlobalSection
	GlobalSection(ProjectConfigurationPlatforms) = postSolution
		{9BD203E9-6F3F-42C7-ABB8-9B144E7824AB}.Debug|Any CPU.ActiveCfg = Debug|Any CPU
		{9BD203E9-6F3F-42C7-ABB8-9B144E7824AB}.Debug|Any CPU.Build.0 = Debug|Any CPU
		{9BD203E9-6F3F-42C7-ABB8-9B144E7824AB}.Release|Any CPU.ActiveCfg = Release|Any CPU
		{9BD203E9-6F3F-42C7-ABB8-9B144E7824AB}.Release|Any CPU.Build.0 = Release|Any CPU
		{1AB14CCD-9239-4392-9334-4485C22ED23B}.Debug|Any CPU.ActiveCfg = Debug|Any CPU
		{1AB14CCD-9239-4392-9334-4485C22ED23B}.Debug|Any CPU.Build.0 = Debug|Any CPU
		{1AB14CCD-9239-4392-9334-4485C22ED23B}.Release|Any CPU.ActiveCfg = Release|Any CPU
		{1AB14CCD-9239-4392-9334-4485C22ED23B}.Release|Any CPU.Build.0 = Release|Any CPU
	EndGlobalSection
	GlobalSection(SolutionProperties) = preSolution
		HideSolutionNode = FALSE
	EndGlobalSection
	GlobalSection(ExtensibilityGlobals) = postSolution
		SolutionGuid = {8B6CCF83-76BF-419C-8819-DA7D7FFBBA2A}
	EndGlobalSection
EndGlobal
